// !$*UTF8*$!
{
	archiveVersion = 1;
	classes = {
	};
	objectVersion = 55;
	objects = {

/* Begin PBXBuildFile section */
		0437525029DB1BE00066E6B3 /* LoginTableTableViewController.swift in Sources */ = {isa = PBXBuildFile; fileRef = 0437524F29DB1BE00066E6B3 /* LoginTableTableViewController.swift */; };
		045F304329D2E7CC0081C35A /* Extension.swift in Sources */ = {isa = PBXBuildFile; fileRef = 045F304229D2E7CC0081C35A /* Extension.swift */; };
		045F304529D2E7E20081C35A /* String.swift in Sources */ = {isa = PBXBuildFile; fileRef = 045F304429D2E7E20081C35A /* String.swift */; };
		04C5F74029DB1DF400D5D2CD /* AppDelegate.swift in Sources */ = {isa = PBXBuildFile; fileRef = 04C5F73F29DB1DF400D5D2CD /* AppDelegate.swift */; };
		04C5F74229DB1DF400D5D2CD /* SceneDelegate.swift in Sources */ = {isa = PBXBuildFile; fileRef = 04C5F74129DB1DF400D5D2CD /* SceneDelegate.swift */; };
		04C5F74729DB1DF400D5D2CD /* Main.storyboard in Resources */ = {isa = PBXBuildFile; fileRef = 04C5F74529DB1DF400D5D2CD /* Main.storyboard */; };
		04C5F74929DB1DF500D5D2CD /* Assets.xcassets in Resources */ = {isa = PBXBuildFile; fileRef = 04C5F74829DB1DF500D5D2CD /* Assets.xcassets */; };
		04C5F74C29DB1DF500D5D2CD /* LaunchScreen.storyboard in Resources */ = {isa = PBXBuildFile; fileRef = 04C5F74A29DB1DF500D5D2CD /* LaunchScreen.storyboard */; };
/* End PBXBuildFile section */

/* Begin PBXFileReference section */
		0437524F29DB1BE00066E6B3 /* LoginTableTableViewController.swift */ = {isa = PBXFileReference; lastKnownFileType = sourcecode.swift; path = LoginTableTableViewController.swift; sourceTree = "<group>"; };
		045F304229D2E7CC0081C35A /* Extension.swift */ = {isa = PBXFileReference; lastKnownFileType = sourcecode.swift; path = Extension.swift; sourceTree = "<group>"; };
		045F304429D2E7E20081C35A /* String.swift */ = {isa = PBXFileReference; lastKnownFileType = sourcecode.swift; path = String.swift; sourceTree = "<group>"; };
		04C5F73C29DB1DF400D5D2CD /* LoginScreenWithEmailValidation.app */ = {isa = PBXFileReference; explicitFileType = wrapper.application; includeInIndex = 0; path = LoginScreenWithEmailValidation.app; sourceTree = BUILT_PRODUCTS_DIR; };
		04C5F73F29DB1DF400D5D2CD /* AppDelegate.swift */ = {isa = PBXFileReference; lastKnownFileType = sourcecode.swift; path = AppDelegate.swift; sourceTree = "<group>"; };
		04C5F74129DB1DF400D5D2CD /* SceneDelegate.swift */ = {isa = PBXFileReference; lastKnownFileType = sourcecode.swift; path = SceneDelegate.swift; sourceTree = "<group>"; };
		04C5F74629DB1DF400D5D2CD /* Base */ = {isa = PBXFileReference; lastKnownFileType = file.storyboard; name = Base; path = Base.lproj/Main.storyboard; sourceTree = "<group>"; };
		04C5F74829DB1DF500D5D2CD /* Assets.xcassets */ = {isa = PBXFileReference; lastKnownFileType = folder.assetcatalog; path = Assets.xcassets; sourceTree = "<group>"; };
		04C5F74B29DB1DF500D5D2CD /* Base */ = {isa = PBXFileReference; lastKnownFileType = file.storyboard; name = Base; path = Base.lproj/LaunchScreen.storyboard; sourceTree = "<group>"; };
		04C5F74D29DB1DF500D5D2CD /* Info.plist */ = {isa = PBXFileReference; lastKnownFileType = text.plist.xml; path = Info.plist; sourceTree = "<group>"; };
/* End PBXFileReference section */

/* Begin PBXFrameworksBuildPhase section */
		04C5F73929DB1DF400D5D2CD /* Frameworks */ = {
			isa = PBXFrameworksBuildPhase;
			buildActionMask = 2147483647;
			files = (
			);
			runOnlyForDeploymentPostprocessing = 0;
		};
/* End PBXFrameworksBuildPhase section */

/* Begin PBXGroup section */
		045F304129D2E5770081C35A /* Extension */ = {
			isa = PBXGroup;
			children = (
				045F304229D2E7CC0081C35A /* Extension.swift */,
				045F304429D2E7E20081C35A /* String.swift */,
			);
			path = Extension;
			sourceTree = "<group>";
		};
		045F304629D2F01D0081C35A /* Login */ = {
			isa = PBXGroup;
			children = (
				0437524F29DB1BE00066E6B3 /* LoginTableTableViewController.swift */,
			);
			path = Login;
			sourceTree = "<group>";
		};
		04C5F73329DB1DF400D5D2CD = {
			isa = PBXGroup;
			children = (
				04C5F73E29DB1DF400D5D2CD /* LoginScreenWithEmailValidation */,
				04C5F73D29DB1DF400D5D2CD /* Products */,
			);
			sourceTree = "<group>";
		};
		04C5F73D29DB1DF400D5D2CD /* Products */ = {
			isa = PBXGroup;
			children = (
				04C5F73C29DB1DF400D5D2CD /* LoginScreenWithEmailValidation.app */,
			);
			name = Products;
			sourceTree = "<group>";
		};
		04C5F73E29DB1DF400D5D2CD /* LoginScreenWithEmailValidation */ = {
			isa = PBXGroup;
			children = (
				045F304629D2F01D0081C35A /* Login */,
				045F304129D2E5770081C35A /* Extension */,
				04C5F73F29DB1DF400D5D2CD /* AppDelegate.swift */,
				04C5F74129DB1DF400D5D2CD /* SceneDelegate.swift */,
				04C5F74529DB1DF400D5D2CD /* Main.storyboard */,
				04C5F74829DB1DF500D5D2CD /* Assets.xcassets */,
				04C5F74A29DB1DF500D5D2CD /* LaunchScreen.storyboard */,
				04C5F74D29DB1DF500D5D2CD /* Info.plist */,
			);
			path = LoginScreenWithEmailValidation;
			sourceTree = "<group>";
		};
/* End PBXGroup section */

/* Begin PBXNativeTarget section */
		04C5F73B29DB1DF400D5D2CD /* LoginScreenWithEmailValidation */ = {
			isa = PBXNativeTarget;
			buildConfigurationList = 04C5F75029DB1DF500D5D2CD /* Build configuration list for PBXNativeTarget "LoginScreenWithEmailValidation" */;
			buildPhases = (
				04C5F73829DB1DF400D5D2CD /* Sources */,
				04C5F73929DB1DF400D5D2CD /* Frameworks */,
				04C5F73A29DB1DF400D5D2CD /* Resources */,
			);
			buildRules = (
			);
			dependencies = (
			);
			name = LoginScreenWithEmailValidation;
			productName = LoginScreenWithEmailValidation;
			productReference = 04C5F73C29DB1DF400D5D2CD /* LoginScreenWithEmailValidation.app */;
			productType = "com.apple.product-type.application";
		};
/* End PBXNativeTarget section */

/* Begin PBXProject section */
		04C5F73429DB1DF400D5D2CD /* Project object */ = {
			isa = PBXProject;
			attributes = {
				BuildIndependentTargetsInParallel = 1;
				LastSwiftUpdateCheck = 1340;
				LastUpgradeCheck = 1340;
				TargetAttributes = {
					04C5F73B29DB1DF400D5D2CD = {
						CreatedOnToolsVersion = 13.4.1;
					};
				};
			};
			buildConfigurationList = 04C5F73729DB1DF400D5D2CD /* Build configuration list for PBXProject "LoginScreenWithEmailValidation" */;
			compatibilityVersion = "Xcode 13.0";
			developmentRegion = en;
			hasScannedForEncodings = 0;
			knownRegions = (
				en,
				Base,
			);
			mainGroup = 04C5F73329DB1DF400D5D2CD;
			productRefGroup = 04C5F73D29DB1DF400D5D2CD /* Products */;
			projectDirPath = "";
			projectRoot = "";
			targets = (
				04C5F73B29DB1DF400D5D2CD /* LoginScreenWithEmailValidation */,
			);
		};
/* End PBXProject section */

/* Begin PBXResourcesBuildPhase section */
		04C5F73A29DB1DF400D5D2CD /* Resources */ = {
			isa = PBXResourcesBuildPhase;
			buildActionMask = 2147483647;
			files = (
				04C5F74C29DB1DF500D5D2CD /* LaunchScreen.storyboard in Resources */,
				04C5F74929DB1DF500D5D2CD /* Assets.xcassets in Resources */,
				04C5F74729DB1DF400D5D2CD /* Main.storyboard in Resources */,
			);
			runOnlyForDeploymentPostprocessing = 0;
		};
/* End PBXResourcesBuildPhase section */

/* Begin PBXSourcesBuildPhase section */
		04C5F73829DB1DF400D5D2CD /* Sources */ = {
			isa = PBXSourcesBuildPhase;
			buildActionMask = 2147483647;
			files = (
				04C5F74029DB1DF400D5D2CD /* AppDelegate.swift in Sources */,
				0437525029DB1BE00066E6B3 /* LoginTableTableViewController.swift in Sources */,
				045F304529D2E7E20081C35A /* String.swift in Sources */,
				04C5F74229DB1DF400D5D2CD /* SceneDelegate.swift in Sources */,
				045F304329D2E7CC0081C35A /* Extension.swift in Sources */,
			);
			runOnlyForDeploymentPostprocessing = 0;
		};
/* End PBXSourcesBuildPhase section */

/* Begin PBXVariantGroup section */
		04C5F74529DB1DF400D5D2CD /* Main.storyboard */ = {
			isa = PBXVariantGroup;
			children = (
				04C5F74629DB1DF400D5D2CD /* Base */,
			);
			name = Main.storyboard;
			sourceTree = "<group>";
		};
		04C5F74A29DB1DF500D5D2CD /* LaunchScreen.storyboard */ = {
			isa = PBXVariantGroup;
			children = (
				04C5F74B29DB1DF500D5D2CD /* Base */,
			);
			name = LaunchScreen.storyboard;
			sourceTree = "<group>";
		};
/* End PBXVariantGroup section */

/* Begin XCBuildConfiguration section */
		04C5F74E29DB1DF500D5D2CD /* Debug */ = {
			isa = XCBuildConfiguration;
			buildSettings = {
				ALWAYS_SEARCH_USER_PATHS = NO;
				CLANG_ANALYZER_NONNULL = YES;
				CLANG_ANALYZER_NUMBER_OBJECT_CONVERSION = YES_AGGRESSIVE;
				CLANG_CXX_LANGUAGE_STANDARD = "gnu++17";
				CLANG_ENABLE_MODULES = YES;
				CLANG_ENABLE_OBJC_ARC = YES;
				CLANG_ENABLE_OBJC_WEAK = YES;
				CLANG_WARN_BLOCK_CAPTURE_AUTORELEASING = YES;
				CLANG_WARN_BOOL_CONVERSION = YES;
				CLANG_WARN_COMMA = YES;
				CLANG_WARN_CONSTANT_CONVERSION = YES;
				CLANG_WARN_DEPRECATED_OBJC_IMPLEMENTATIONS = YES;
				CLANG_WARN_DIRECT_OBJC_ISA_USAGE = YES_ERROR;
				CLANG_WARN_DOCUMENTATION_COMMENTS = YES;
				CLANG_WARN_EMPTY_BODY = YES;
				CLANG_WARN_ENUM_CONVERSION = YES;
				CLANG_WARN_INFINITE_RECURSION = YES;
				CLANG_WARN_INT_CONVERSION = YES;
				CLANG_WARN_NON_LITERAL_NULL_CONVERSION = YES;
				CLANG_WARN_OBJC_IMPLICIT_RETAIN_SELF = YES;
				CLANG_WARN_OBJC_LITERAL_CONVERSION = YES;
				CLANG_WARN_OBJC_ROOT_CLASS = YES_ERROR;
				CLANG_WARN_QUOTED_INCLUDE_IN_FRAMEWORK_HEADER = YES;
				CLANG_WARN_RANGE_LOOP_ANALYSIS = YES;
				CLANG_WARN_STRICT_PROTOTYPES = YES;
				CLANG_WARN_SUSPICIOUS_MOVE = YES;
				CLANG_WARN_UNGUARDED_AVAILABILITY = YES_AGGRESSIVE;
				CLANG_WARN_UNREACHABLE_CODE = YES;
				CLANG_WARN__DUPLICATE_METHOD_MATCH = YES;
				COPY_PHASE_STRIP = NO;
				DEBUG_INFORMATION_FORMAT = dwarf;
				ENABLE_STRICT_OBJC_MSGSEND = YES;
				ENABLE_TESTABILITY = YES;
				GCC_C_LANGUAGE_STANDARD = gnu11;
				GCC_DYNAMIC_NO_PIC = NO;
				GCC_NO_COMMON_BLOCKS = YES;
				GCC_OPTIMIZATION_LEVEL = 0;
				GCC_PREPROCESSOR_DEFINITIONS = (
					"DEBUG=1",
					"$(inherited)",
				);
				GCC_WARN_64_TO_32_BIT_CONVERSION = YES;
				GCC_WARN_ABOUT_RETURN_TYPE = YES_ERROR;
				GCC_WARN_UNDECLARED_SELECTOR = YES;
				GCC_WARN_UNINITIALIZED_AUTOS = YES_AGGRESSIVE;
				GCC_WARN_UNUSED_FUNCTION = YES;
				GCC_WARN_UNUSED_VARIABLE = YES;
				IPHONEOS_DEPLOYMENT_TARGET = 15.5;
				MTL_ENABLE_DEBUG_INFO = INCLUDE_SOURCE;
				MTL_FAST_MATH = YES;
				ONLY_ACTIVE_ARCH = YES;
				SDKROOT = iphoneos;
				SWIFT_ACTIVE_COMPILATION_CONDITIONS = DEBUG;
				SWIFT_OPTIMIZATION_LEVEL = "-Onone";
			};
			name = Debug;
		};
		04C5F74F29DB1DF500D5D2CD /* Release */ = {
			isa = XCBuildConfiguration;
			buildSettings = {
				ALWAYS_SEARCH_USER_PATHS = NO;
				CLANG_ANALYZER_NONNULL = YES;
				CLANG_ANALYZER_NUMBER_OBJECT_CONVERSION = YES_AGGRESSIVE;
				CLANG_CXX_LANGUAGE_STANDARD = "gnu++17";
				CLANG_ENABLE_MODULES = YES;
				CLANG_ENABLE_OBJC_ARC = YES;
				CLANG_ENABLE_OBJC_WEAK = YES;
				CLANG_WARN_BLOCK_CAPTURE_AUTORELEASING = YES;
				CLANG_WARN_BOOL_CONVERSION = YES;
				CLANG_WARN_COMMA = YES;
				CLANG_WARN_CONSTANT_CONVERSION = YES;
				CLANG_WARN_DEPRECATED_OBJC_IMPLEMENTATIONS = YES;
				CLANG_WARN_DIRECT_OBJC_ISA_USAGE = YES_ERROR;
				CLANG_WARN_DOCUMENTATION_COMMENTS = YES;
				CLANG_WARN_EMPTY_BODY = YES;
				CLANG_WARN_ENUM_CONVERSION = YES;
				CLANG_WARN_INFINITE_RECURSION = YES;
				CLANG_WARN_INT_CONVERSION = YES;
				CLANG_WARN_NON_LITERAL_NULL_CONVERSION = YES;
				CLANG_WARN_OBJC_IMPLICIT_RETAIN_SELF = YES;
				CLANG_WARN_OBJC_LITERAL_CONVERSION = YES;
				CLANG_WARN_OBJC_ROOT_CLASS = YES_ERROR;
				CLANG_WARN_QUOTED_INCLUDE_IN_FRAMEWORK_HEADER = YES;
				CLANG_WARN_RANGE_LOOP_ANALYSIS = YES;
				CLANG_WARN_STRICT_PROTOTYPES = YES;
				CLANG_WARN_SUSPICIOUS_MOVE = YES;
				CLANG_WARN_UNGUARDED_AVAILABILITY = YES_AGGRESSIVE;
				CLANG_WARN_UNREACHABLE_CODE = YES;
				CLANG_WARN__DUPLICATE_METHOD_MATCH = YES;
				COPY_PHASE_STRIP = NO;
				DEBUG_INFORMATION_FORMAT = "dwarf-with-dsym";
				ENABLE_NS_ASSERTIONS = NO;
				ENABLE_STRICT_OBJC_MSGSEND = YES;
				GCC_C_LANGUAGE_STANDARD = gnu11;
				GCC_NO_COMMON_BLOCKS = YES;
				GCC_WARN_64_TO_32_BIT_CONVERSION = YES;
				GCC_WARN_ABOUT_RETURN_TYPE = YES_ERROR;
				GCC_WARN_UNDECLARED_SELECTOR = YES;
				GCC_WARN_UNINITIALIZED_AUTOS = YES_AGGRESSIVE;
				GCC_WARN_UNUSED_FUNCTION = YES;
				GCC_WARN_UNUSED_VARIABLE = YES;
				IPHONEOS_DEPLOYMENT_TARGET = 15.5;
				MTL_ENABLE_DEBUG_INFO = NO;
				MTL_FAST_MATH = YES;
				SDKROOT = iphoneos;
				SWIFT_COMPILATION_MODE = wholemodule;
				SWIFT_OPTIMIZATION_LEVEL = "-O";
				VALIDATE_PRODUCT = YES;
			};
			name = Release;
		};
		04C5F75129DB1DF500D5D2CD /* Debug */ = {
			isa = XCBuildConfiguration;
			buildSettings = {
				ASSETCATALOG_COMPILER_APPICON_NAME = AppIcon;
				ASSETCATALOG_COMPILER_GLOBAL_ACCENT_COLOR_NAME = AccentColor;
				CODE_SIGN_STYLE = Automatic;
				CURRENT_PROJECT_VERSION = 1;
				GENERATE_INFOPLIST_FILE = YES;
				INFOPLIST_FILE = LoginScreenWithEmailValidation/Info.plist;
				INFOPLIST_KEY_UIApplicationSupportsIndirectInputEvents = YES;
				INFOPLIST_KEY_UILaunchStoryboardName = LaunchScreen;
				INFOPLIST_KEY_UIMainStoryboardFile = Main;
				INFOPLIST_KEY_UISupportedInterfaceOrientations_iPad = "UIInterfaceOrientationPortrait UIInterfaceOrientationPortraitUpsideDown UIInterfaceOrientationLandscapeLeft UIInterfaceOrientationLandscapeRight";
				INFOPLIST_KEY_UISupportedInterfaceOrientations_iPhone = "UIInterfaceOrientationPortrait UIInterfaceOrientationLandscapeLeft UIInterfaceOrientationLandscapeRight";
				LD_RUNPATH_SEARCH_PATHS = (
					"$(inherited)",
					"@executable_path/Frameworks",
				);
				MARKETING_VERSION = 1.0;
				PRODUCT_BUNDLE_IDENTIFIER = demo.LoginScreenWithEmailValidation;
				PRODUCT_NAME = "$(TARGET_NAME)";
				SWIFT_EMIT_LOC_STRINGS = YES;
				SWIFT_VERSION = 5.0;
				TARGETED_DEVICE_FAMILY = "1,2";
			};
			name = Debug;
		};
		04C5F75229DB1DF500D5D2CD /* Release */ = {
			isa = XCBuildConfiguration;
			buildSettings = {
				ASSETCATALOG_COMPILER_APPICON_NAME = AppIcon;
				ASSETCATALOG_COMPILER_GLOBAL_ACCENT_COLOR_NAME = AccentColor;
				CODE_SIGN_STYLE = Automatic;
				CURRENT_PROJECT_VERSION = 1;
				GENERATE_INFOPLIST_FILE = YES;
				INFOPLIST_FILE = LoginScreenWithEmailValidation/Info.plist;
				INFOPLIST_KEY_UIApplicationSupportsIndirectInputEvents = YES;
				INFOPLIST_KEY_UILaunchStoryboardName = LaunchScreen;
				INFOPLIST_KEY_UIMainStoryboardFile = Main;
				INFOPLIST_KEY_UISupportedInterfaceOrientations_iPad = "UIInterfaceOrientationPortrait UIInterfaceOrientationPortraitUpsideDown UIInterfaceOrientationLandscapeLeft UIInterfaceOrientationLandscapeRight";
				INFOPLIST_KEY_UISupportedInterfaceOrientations_iPhone = "UIInterfaceOrientationPortrait UIInterfaceOrientationLandscapeLeft UIInterfaceOrientationLandscapeRight";
				LD_RUNPATH_SEARCH_PATHS = (
					"$(inherited)",
					"@executable_path/Frameworks",
				);
				MARKETING_VERSION = 1.0;
				PRODUCT_BUNDLE_IDENTIFIER = demo.LoginScreenWithEmailValidation;
				PRODUCT_NAME = "$(TARGET_NAME)";
				SWIFT_EMIT_LOC_STRINGS = YES;
				SWIFT_VERSION = 5.0;
				TARGETED_DEVICE_FAMILY = "1,2";
			};
			name = Release;
		};
/* End XCBuildConfiguration section */

/* Begin XCConfigurationList section */
		04C5F73729DB1DF400D5D2CD /* Build configuration list for PBXProject "LoginScreenWithEmailValidation" */ = {
			isa = XCConfigurationList;
			buildConfigurations = (
				04C5F74E29DB1DF500D5D2CD /* Debug */,
				04C5F74F29DB1DF500D5D2CD /* Release */,
			);
			defaultConfigurationIsVisible = 0;
			defaultConfigurationName = Release;
		};
		04C5F75029DB1DF500D5D2CD /* Build configuration list for PBXNativeTarget "LoginScreenWithEmailValidation" */ = {
			isa = XCConfigurationList;
			buildConfigurations = (
				04C5F75129DB1DF500D5D2CD /* Debug */,
				04C5F75229DB1DF500D5D2CD /* Release */,
			);
			defaultConfigurationIsVisible = 0;
			defaultConfigurationName = Release;
		};
/* End XCConfigurationList section */
	};
	rootObject = 04C5F73429DB1DF400D5D2CD /* Project object */;
}
